
Microsoft Visual Studio Solution File, Format Version 12.00
# Visual Studio Version 16
VisualStudioVersion = 16.0.30907.101
MinimumVisualStudioVersion = 10.0.40219.1
Project("{FAE04EC0-301F-11D3-BF4B-00C04F79EFBC}") = "InstagramClone.UWP", "InstagramClone\InstagramClone.UWP\InstagramClone.UWP.csproj", "{3AC4942F-113E-40CA-AE0B-382401074129}"
EndProject
Project("{FAE04EC0-301F-11D3-BF4B-00C04F79EFBC}") = "InstagramClone.Android", "InstagramClone\InstagramClone.Android\InstagramClone.Android.csproj", "{BD0AA0F5-5C10-4EAF-B732-1C9ED7FCA419}"
EndProject
Project("{FAE04EC0-301F-11D3-BF4B-00C04F79EFBC}") = "InstagramClone.iOS", "InstagramClone\InstagramClone.iOS\InstagramClone.iOS.csproj", "{D9B217D8-7628-4AC3-B924-591CBE6CFB9A}"
EndProject
Project("{FAE04EC0-301F-11D3-BF4B-00C04F79EFBC}") = "InstagramClone", "InstagramClone\InstagramClone\InstagramClone.csproj", "{7370A368-2563-4C52-B52D-B36773F41807}"
EndProject
Global
	GlobalSection(SolutionConfigurationPlatforms) = preSolution
		Debug|Any CPU = Debug|Any CPU
		Debug|ARM = Debug|ARM
		Debug|iPhone = Debug|iPhone
		Debug|iPhoneSimulator = Debug|iPhoneSimulator
		Debug|x64 = Debug|x64
		Debug|x86 = Debug|x86
		Release|Any CPU = Release|Any CPU
		Release|ARM = Release|ARM
		Release|iPhone = Release|iPhone
		Release|iPhoneSimulator = Release|iPhoneSimulator
		Release|x64 = Release|x64
		Release|x86 = Release|x86
	EndGlobalSection
	GlobalSection(ProjectConfigurationPlatforms) = postSolution
		{3AC4942F-113E-40CA-AE0B-382401074129}.Debug|Any CPU.ActiveCfg = Debug|x86
		{3AC4942F-113E-40CA-AE0B-382401074129}.Debug|Any CPU.Build.0 = Debug|x86
		{3AC4942F-113E-40CA-AE0B-382401074129}.Debug|Any CPU.Deploy.0 = Debug|x86
		{3AC4942F-113E-40CA-AE0B-382401074129}.Debug|ARM.ActiveCfg = Debug|ARM
		{3AC4942F-113E-40CA-AE0B-382401074129}.Debug|ARM.Build.0 = Debug|ARM
		{3AC4942F-113E-40CA-AE0B-382401074129}.Debug|ARM.Deploy.0 = Debug|ARM
		{3AC4942F-113E-40CA-AE0B-382401074129}.Debug|iPhone.ActiveCfg = Debug|x86
		{3AC4942F-113E-40CA-AE0B-382401074129}.Debug|iPhone.Build.0 = Debug|x86
		{3AC4942F-113E-40CA-AE0B-382401074129}.Debug|iPhone.Deploy.0 = Debug|x86
		{3AC4942F-113E-40CA-AE0B-382401074129}.Debug|iPhoneSimulator.ActiveCfg = Debug|x86
		{3AC4942F-113E-40CA-AE0B-382401074129}.Debug|iPhoneSimulator.Build.0 = Debug|x86
		{3AC4942F-113E-40CA-AE0B-382401074129}.Debug|iPhoneSimulator.Deploy.0 = Debug|x86
		{3AC4942F-113E-40CA-AE0B-382401074129}.Debug|x64.ActiveCfg = Debug|x64
		{3AC4942F-113E-40CA-AE0B-382401074129}.Debug|x64.Build.0 = Debug|x64
		{3AC4942F-113E-40CA-AE0B-382401074129}.Debug|x64.Deploy.0 = Debug|x64
		{3AC4942F-113E-40CA-AE0B-382401074129}.Debug|x86.ActiveCfg = Debug|x86
		{3AC4942F-113E-40CA-AE0B-382401074129}.Debug|x86.Build.0 = Debug|x86
		{3AC4942F-113E-40CA-AE0B-382401074129}.Debug|x86.Deploy.0 = Debug|x86
		{3AC4942F-113E-40CA-AE0B-382401074129}.Release|Any CPU.ActiveCfg = Release|x86
		{3AC4942F-113E-40CA-AE0B-382401074129}.Release|Any CPU.Build.0 = Release|x86
		{3AC4942F-113E-40CA-AE0B-382401074129}.Release|Any CPU.Deploy.0 = Release|x86
		{3AC4942F-113E-40CA-AE0B-382401074129}.Release|ARM.ActiveCfg = Release|ARM
		{3AC4942F-113E-40CA-AE0B-382401074129}.Release|ARM.Build.0 = Release|ARM
		{3AC4942F-113E-40CA-AE0B-382401074129}.Release|ARM.Deploy.0 = Release|ARM
		{3AC4942F-113E-40CA-AE0B-382401074129}.Release|iPhone.ActiveCfg = Release|x86
		{3AC4942F-113E-40CA-AE0B-382401074129}.Release|iPhone.Build.0 = Release|x86
		{3AC4942F-113E-40CA-AE0B-382401074129}.Release|iPhone.Deploy.0 = Release|x86
		{3AC4942F-113E-40CA-AE0B-382401074129}.Release|iPhoneSimulator.ActiveCfg = Release|x86
		{3AC4942F-113E-40CA-AE0B-382401074129}.Release|iPhoneSimulator.Build.0 = Release|x86
		{3AC4942F-113E-40CA-AE0B-382401074129}.Release|iPhoneSimulator.Deploy.0 = Release|x86
		{3AC4942F-113E-40CA-AE0B-382401074129}.Release|x64.ActiveCfg = Release|x64
		{3AC4942F-113E-40CA-AE0B-382401074129}.Release|x64.Build.0 = Release|x64
		{3AC4942F-113E-40CA-AE0B-382401074129}.Release|x64.Deploy.0 = Release|x64
		{3AC4942F-113E-40CA-AE0B-382401074129}.Release|x86.ActiveCfg = Release|x86
		{3AC4942F-113E-40CA-AE0B-382401074129}.Release|x86.Build.0 = Release|x86
		{3AC4942F-113E-40CA-AE0B-382401074129}.Release|x86.Deploy.0 = Release|x86
		{BD0AA0F5-5C10-4EAF-B732-1C9ED7FCA419}.Debug|Any CPU.ActiveCfg = Debug|Any CPU
		{BD0AA0F5-5C10-4EAF-B732-1C9ED7FCA419}.Debug|Any CPU.Build.0 = Debug|Any CPU
		{BD0AA0F5-5C10-4EAF-B732-1C9ED7FCA419}.Debug|Any CPU.Deploy.0 = Debug|Any CPU
		{BD0AA0F5-5C10-4EAF-B732-1C9ED7FCA419}.Debug|ARM.ActiveCfg = Debug|Any CPU
		{BD0AA0F5-5C10-4EAF-B732-1C9ED7FCA419}.Debug|ARM.Build.0 = Debug|Any CPU
		{BD0AA0F5-5C10-4EAF-B732-1C9ED7FCA419}.Debug|ARM.Deploy.0 = Debug|Any CPU
		{BD0AA0F5-5C10-4EAF-B732-1C9ED7FCA419}.Debug|iPhone.ActiveCfg = Debug|Any CPU
		{BD0AA0F5-5C10-4EAF-B732-1C9ED7FCA419}.Debug|iPhone.Build.0 = Debug|Any CPU
		{BD0AA0F5-5C10-4EAF-B732-1C9ED7FCA419}.Debug|iPhone.Deploy.0 = Debug|Any CPU
		{BD0AA0F5-5C10-4EAF-B732-1C9ED7FCA419}.Debug|iPhoneSimulator.ActiveCfg = Debug|Any CPU
		{BD0AA0F5-5C10-4EAF-B732-1C9ED7FCA419}.Debug|iPhoneSimulator.Build.0 = Debug|Any CPU
		{BD0AA0F5-5C10-4EAF-B732-1C9ED7FCA419}.Debug|iPhoneSimulator.Deploy.0 = Debug|Any CPU
		{BD0AA0F5-5C10-4EAF-B732-1C9ED7FCA419}.Debug|x64.ActiveCfg = Debug|Any CPU
		{BD0AA0F5-5C10-4EAF-B732-1C9ED7FCA419}.Debug|x64.Build.0 = Debug|Any CPU
		{BD0AA0F5-5C10-4EAF-B732-1C9ED7FCA419}.Debug|x64.Deploy.0 = Debug|Any CPU
		{BD0AA0F5-5C10-4EAF-B732-1C9ED7FCA419}.Debug|x86.ActiveCfg = Debug|Any CPU
		{BD0AA0F5-5C10-4EAF-B732-1C9ED7FCA419}.Debug|x86.Build.0 = Debug|Any CPU
		{BD0AA0F5-5C10-4EAF-B732-1C9ED7FCA419}.Debug|x86.Deploy.0 = Debug|Any CPU
		{BD0AA0F5-5C10-4EAF-B732-1C9ED7FCA419}.Release|Any CPU.ActiveCfg = Release|Any CPU
		{BD0AA0F5-5C10-4EAF-B732-1C9ED7FCA419}.Release|Any CPU.Build.0 = Release|Any CPU
		{BD0AA0F5-5C10-4EAF-B732-1C9ED7FCA419}.Release|Any CPU.Deploy.0 = Release|Any CPU
		{BD0AA0F5-5C10-4EAF-B732-1C9ED7FCA419}.Release|ARM.ActiveCfg = Release|Any CPU
		{BD0AA0F5-5C10-4EAF-B732-1C9ED7FCA419}.Release|ARM.Build.0 = Release|Any CPU
		{BD0AA0F5-5C10-4EAF-B732-1C9ED7FCA419}.Release|ARM.Deploy.0 = Release|Any CPU
		{BD0AA0F5-5C10-4EAF-B732-1C9ED7FCA419}.Release|iPhone.ActiveCfg = Release|Any CPU
		{BD0AA0F5-5C10-4EAF-B732-1C9ED7FCA419}.Release|iPhone.Build.0 = Release|Any CPU
		{BD0AA0F5-5C10-4EAF-B732-1C9ED7FCA419}.Release|iPhone.Deploy.0 = Release|Any CPU
		{BD0AA0F5-5C10-4EAF-B732-1C9ED7FCA419}.Release|iPhoneSimulator.ActiveCfg = Release|Any CPU
		{BD0AA0F5-5C10-4EAF-B732-1C9ED7FCA419}.Release|iPhoneSimulator.Build.0 = Release|Any CPU
		{BD0AA0F5-5C10-4EAF-B732-1C9ED7FCA419}.Release|iPhoneSimulator.Deploy.0 = Release|Any CPU
		{BD0AA0F5-5C10-4EAF-B732-1C9ED7FCA419}.Release|x64.ActiveCfg = Release|Any CPU
		{BD0AA0F5-5C10-4EAF-B732-1C9ED7FCA419}.Release|x64.Build.0 = Release|Any CPU
		{BD0AA0F5-5C10-4EAF-B732-1C9ED7FCA419}.Release|x64.Deploy.0 = Release|Any CPU
		{BD0AA0F5-5C10-4EAF-B732-1C9ED7FCA419}.Release|x86.ActiveCfg = Release|Any CPU
		{BD0AA0F5-5C10-4EAF-B732-1C9ED7FCA419}.Release|x86.Build.0 = Release|Any CPU
		{BD0AA0F5-5C10-4EAF-B732-1C9ED7FCA419}.Release|x86.Deploy.0 = Release|Any CPU
		{D9B217D8-7628-4AC3-B924-591CBE6CFB9A}.Debug|Any CPU.ActiveCfg = Debug|iPhoneSimulator
		{D9B217D8-7628-4AC3-B924-591CBE6CFB9A}.Debug|Any CPU.Build.0 = Debug|iPhoneSimulator
		{D9B217D8-7628-4AC3-B924-591CBE6CFB9A}.Debug|Any CPU.Deploy.0 = Debug|iPhoneSimulator
		{D9B217D8-7628-4AC3-B924-591CBE6CFB9A}.Debug|ARM.ActiveCfg = Debug|iPhone
		{D9B217D8-7628-4AC3-B924-591CBE6CFB9A}.Debug|ARM.Build.0 = Debug|iPhone
		{D9B217D8-7628-4AC3-B924-591CBE6CFB9A}.Debug|ARM.Deploy.0 = Debug|iPhone
		{D9B217D8-7628-4AC3-B924-591CBE6CFB9A}.Debug|iPhone.ActiveCfg = Debug|iPhone
		{D9B217D8-7628-4AC3-B924-591CBE6CFB9A}.Debug|iPhone.Build.0 = Debug|iPhone
		{D9B217D8-7628-4AC3-B924-591CBE6CFB9A}.Debug|iPhone.Deploy.0 = Debug|iPhone
		{D9B217D8-7628-4AC3-B924-591CBE6CFB9A}.Debug|iPhoneSimulator.ActiveCfg = Debug|iPhoneSimulator
		{D9B217D8-7628-4AC3-B924-591CBE6CFB9A}.Debug|iPhoneSimulator.Build.0 = Debug|iPhoneSimulator
		{D9B217D8-7628-4AC3-B924-591CBE6CFB9A}.Debug|iPhoneSimulator.Deploy.0 = Debug|iPhoneSimulator
		{D9B217D8-7628-4AC3-B924-591CBE6CFB9A}.Debug|x64.ActiveCfg = Debug|iPhoneSimulator
		{D9B217D8-7628-4AC3-B924-591CBE6CFB9A}.Debug|x64.Build.0 = Debug|iPhoneSimulator
		{D9B217D8-7628-4AC3-B924-591CBE6CFB9A}.Debug|x64.Deploy.0 = Debug|iPhoneSimulator
		{D9B217D8-7628-4AC3-B924-591CBE6CFB9A}.Debug|x86.ActiveCfg = Debug|iPhoneSimulator
		{D9B217D8-7628-4AC3-B924-591CBE6CFB9A}.Debug|x86.Build.0 = Debug|iPhoneSimulator
		{D9B217D8-7628-4AC3-B924-591CBE6CFB9A}.Debug|x86.Deploy.0 = Debug|iPhoneSimulator
		{D9B217D8-7628-4AC3-B924-591CBE6CFB9A}.Release|Any CPU.ActiveCfg = Release|iPhoneSimulator
		{D9B217D8-7628-4AC3-B924-591CBE6CFB9A}.Release|Any CPU.Build.0 = Release|iPhoneSimulator
		{D9B217D8-7628-4AC3-B924-591CBE6CFB9A}.Release|Any CPU.Deploy.0 = Release|iPhoneSimulator
		{D9B217D8-7628-4AC3-B924-591CBE6CFB9A}.Release|ARM.ActiveCfg = Release|iPhoneSimulator
		{D9B217D8-7628-4AC3-B924-591CBE6CFB9A}.Release|ARM.Build.0 = Release|iPhoneSimulator
		{D9B217D8-7628-4AC3-B924-591CBE6CFB9A}.Release|ARM.Deploy.0 = Release|iPhoneSimulator
		{D9B217D8-7628-4AC3-B924-591CBE6CFB9A}.Release|iPhone.ActiveCfg = Release|iPhone
		{D9B217D8-7628-4AC3-B924-591CBE6CFB9A}.Release|iPhone.Build.0 = Release|iPhone
		{D9B217D8-7628-4AC3-B924-591CBE6CFB9A}.Release|iPhone.Deploy.0 = Release|iPhone
		{D9B217D8-7628-4AC3-B924-591CBE6CFB9A}.Release|iPhoneSimulator.ActiveCfg = Release|iPhoneSimulator
		{D9B217D8-7628-4AC3-B924-591CBE6CFB9A}.Release|iPhoneSimulator.Build.0 = Release|iPhoneSimulator
		{D9B217D8-7628-4AC3-B924-591CBE6CFB9A}.Release|iPhoneSimulator.Deploy.0 = Release|iPhoneSimulator
		{D9B217D8-7628-4AC3-B924-591CBE6CFB9A}.Release|x64.ActiveCfg = Release|iPhoneSimulator
		{D9B217D8-7628-4AC3-B924-591CBE6CFB9A}.Release|x64.Build.0 = Release|iPhoneSimulator
		{D9B217D8-7628-4AC3-B924-591CBE6CFB9A}.Release|x64.Deploy.0 = Release|iPhoneSimulator
		{D9B217D8-7628-4AC3-B924-591CBE6CFB9A}.Release|x86.ActiveCfg = Release|iPhoneSimulator
		{D9B217D8-7628-4AC3-B924-591CBE6CFB9A}.Release|x86.Build.0 = Release|iPhoneSimulator
		{D9B217D8-7628-4AC3-B924-591CBE6CFB9A}.Release|x86.Deploy.0 = Release|iPhoneSimulator
		{7370A368-2563-4C52-B52D-B36773F41807}.Debug|Any CPU.ActiveCfg = Debug|Any CPU
		{7370A368-2563-4C52-B52D-B36773F41807}.Debug|Any CPU.Build.0 = Debug|Any CPU
		{7370A368-2563-4C52-B52D-B36773F41807}.Debug|Any CPU.Deploy.0 = Debug|Any CPU
		{7370A368-2563-4C52-B52D-B36773F41807}.Debug|ARM.ActiveCfg = Debug|Any CPU
		{7370A368-2563-4C52-B52D-B36773F41807}.Debug|ARM.Build.0 = Debug|Any CPU
		{7370A368-2563-4C52-B52D-B36773F41807}.Debug|ARM.Deploy.0 = Debug|Any CPU
		{7370A368-2563-4C52-B52D-B36773F41807}.Debug|iPhone.ActiveCfg = Debug|Any CPU
		{7370A368-2563-4C52-B52D-B36773F41807}.Debug|iPhone.Build.0 = Debug|Any CPU
		{7370A368-2563-4C52-B52D-B36773F41807}.Debug|iPhone.Deploy.0 = Debug|Any CPU
		{7370A368-2563-4C52-B52D-B36773F41807}.Debug|iPhoneSimulator.ActiveCfg = Debug|Any CPU
		{7370A368-2563-4C52-B52D-B36773F41807}.Debug|iPhoneSimulator.Build.0 = Debug|Any CPU
		{7370A368-2563-4C52-B52D-B36773F41807}.Debug|iPhoneSimulator.Deploy.0 = Debug|Any CPU
		{7370A368-2563-4C52-B52D-B36773F41807}.Debug|x64.ActiveCfg = Debug|Any CPU
		{7370A368-2563-4C52-B52D-B36773F41807}.Debug|x64.Build.0 = Debug|Any CPU
		{7370A368-2563-4C52-B52D-B36773F41807}.Debug|x64.Deploy.0 = Debug|Any CPU
		{7370A368-2563-4C52-B52D-B36773F41807}.Debug|x86.ActiveCfg = Debug|Any CPU
		{7370A368-2563-4C52-B52D-B36773F41807}.Debug|x86.Build.0 = Debug|Any CPU
		{7370A368-2563-4C52-B52D-B36773F41807}.Debug|x86.Deploy.0 = Debug|Any CPU
		{7370A368-2563-4C52-B52D-B36773F41807}.Release|Any CPU.ActiveCfg = Release|Any CPU
		{7370A368-2563-4C52-B52D-B36773F41807}.Release|Any CPU.Build.0 = Release|Any CPU
		{7370A368-2563-4C52-B52D-B36773F41807}.Release|Any CPU.Deploy.0 = Release|Any CPU
		{7370A368-2563-4C52-B52D-B36773F41807}.Release|ARM.ActiveCfg = Release|Any CPU
		{7370A368-2563-4C52-B52D-B36773F41807}.Release|ARM.Build.0 = Release|Any CPU
		{7370A368-2563-4C52-B52D-B36773F41807}.Release|ARM.Deploy.0 = Release|Any CPU
		{7370A368-2563-4C52-B52D-B36773F41807}.Release|iPhone.ActiveCfg = Release|Any CPU
		{7370A368-2563-4C52-B52D-B36773F41807}.Release|iPhone.Build.0 = Release|Any CPU
		{7370A368-2563-4C52-B52D-B36773F41807}.Release|iPhone.Deploy.0 = Release|Any CPU
		{7370A368-2563-4C52-B52D-B36773F41807}.Release|iPhoneSimulator.ActiveCfg = Release|Any CPU
		{7370A368-2563-4C52-B52D-B36773F41807}.Release|iPhoneSimulator.Build.0 = Release|Any CPU
		{7370A368-2563-4C52-B52D-B36773F41807}.Release|iPhoneSimulator.Deploy.0 = Release|Any CPU
		{7370A368-2563-4C52-B52D-B36773F41807}.Release|x64.ActiveCfg = Release|Any CPU
		{7370A368-2563-4C52-B52D-B36773F41807}.Release|x64.Build.0 = Release|Any CPU
		{7370A368-2563-4C52-B52D-B36773F41807}.Release|x64.Deploy.0 = Release|Any CPU
		{7370A368-2563-4C52-B52D-B36773F41807}.Release|x86.ActiveCfg = Release|Any CPU
		{7370A368-2563-4C52-B52D-B36773F41807}.Release|x86.Build.0 = Release|Any CPU
		{7370A368-2563-4C52-B52D-B36773F41807}.Release|x86.Deploy.0 = Release|Any CPU
	EndGlobalSection
	GlobalSection(SolutionProperties) = preSolution
		HideSolutionNode = FALSE
	EndGlobalSection
	GlobalSection(ExtensibilityGlobals) = postSolution
		SolutionGuid = {985C4294-FD05-41C4-B189-2EB8CF9411C6}
	EndGlobalSection
EndGlobal
